
Microsoft Visual Studio Solution File, Format Version 12.00
# Visual Studio Version 17
VisualStudioVersion = 17.1.32210.238
MinimumVisualStudioVersion = 10.0.40219.1
Project("{FAE04EC0-301F-11D3-BF4B-00C04F79EFBC}") = "LungCancerPredictor", "LungCancerPredictor\LungCancerPredictor.csproj", "{880A9356-16CA-4C0E-910C-9090631DE52A}"
EndProject
Global
	GlobalSection(SolutionConfigurationPlatforms) = preSolution
		Debug|Any CPU = Debug|Any CPU
		Release|Any CPU = Release|Any CPU
	EndGlobalSection
	GlobalSection(ProjectConfigurationPlatforms) = postSolution
		{880A9356-16CA-4C0E-910C-9090631DE52A}.Debug|Any CPU.ActiveCfg = Debug|Any CPU
		{880A9356-16CA-4C0E-910C-9090631DE52A}.Debug|Any CPU.Build.0 = Debug|Any CPU
		{880A9356-16CA-4C0E-910C-9090631DE52A}.Release|Any CPU.ActiveCfg = Release|Any CPU
		{880A9356-16CA-4C0E-910C-9090631DE52A}.Release|Any CPU.Build.0 = Release|Any CPU
	EndGlobalSection
	GlobalSection(SolutionProperties) = preSolution
		HideSolutionNode = FALSE
	EndGlobalSection
	GlobalSection(ExtensibilityGlobals) = postSolution
		SolutionGuid = {C65B86BE-96BF-4924-B371-EA7145DC1234}
	EndGlobalSection
EndGlobal
